
Microsoft Visual Studio Solution File, Format Version 12.00
# Visual Studio 15
VisualStudioVersion = 15.0.27703.2042
MinimumVisualStudioVersion = 10.0.40219.1
Project("{9A19103F-16F7-4668-BE54-9A1E7A4F7556}") = "Empite.MicroserviceTemplate", "Empite.MicroServiceTemplate\Empite.MicroserviceTemplate.csproj", "{527C6A5D-B093-4991-AD3A-A88A5FC04E66}"
EndProject
Global
	GlobalSection(SolutionConfigurationPlatforms) = preSolution
		Debug|Any CPU = Debug|Any CPU
		Release|Any CPU = Release|Any CPU
	EndGlobalSection
	GlobalSection(ProjectConfigurationPlatforms) = postSolution
		{527C6A5D-B093-4991-AD3A-A88A5FC04E66}.Debug|Any CPU.ActiveCfg = Debug|Any CPU
		{527C6A5D-B093-4991-AD3A-A88A5FC04E66}.Debug|Any CPU.Build.0 = Debug|Any CPU
		{527C6A5D-B093-4991-AD3A-A88A5FC04E66}.Release|Any CPU.ActiveCfg = Release|Any CPU
		{527C6A5D-B093-4991-AD3A-A88A5FC04E66}.Release|Any CPU.Build.0 = Release|Any CPU
	EndGlobalSection
	GlobalSection(SolutionProperties) = preSolution
		HideSolutionNode = FALSE
	EndGlobalSection
	GlobalSection(ExtensibilityGlobals) = postSolution
		SolutionGuid = {494DCA9D-ADBB-457D-92F0-DC9FA2BC1D40}
	EndGlobalSection
EndGlobal
